
Microsoft Visual Studio Solution File, Format Version 12.00
# Visual Studio Version 16
VisualStudioVersion = 16.0.31613.86
MinimumVisualStudioVersion = 10.0.40219.1
Project("{FAE04EC0-301F-11D3-BF4B-00C04F79EFBC}") = "BadgerHoldingsTechnical", "BadgerHoldingsTechnical\BadgerHoldingsTechnical.csproj", "{D822E5D3-7EC2-4824-9826-4C37F028D706}"
EndProject
Global
	GlobalSection(SolutionConfigurationPlatforms) = preSolution
		Debug|Any CPU = Debug|Any CPU
		Release|Any CPU = Release|Any CPU
	EndGlobalSection
	GlobalSection(ProjectConfigurationPlatforms) = postSolution
		{D822E5D3-7EC2-4824-9826-4C37F028D706}.Debug|Any CPU.ActiveCfg = Debug|Any CPU
		{D822E5D3-7EC2-4824-9826-4C37F028D706}.Debug|Any CPU.Build.0 = Debug|Any CPU
		{D822E5D3-7EC2-4824-9826-4C37F028D706}.Release|Any CPU.ActiveCfg = Release|Any CPU
		{D822E5D3-7EC2-4824-9826-4C37F028D706}.Release|Any CPU.Build.0 = Release|Any CPU
	EndGlobalSection
	GlobalSection(SolutionProperties) = preSolution
		HideSolutionNode = FALSE
	EndGlobalSection
	GlobalSection(ExtensibilityGlobals) = postSolution
		SolutionGuid = {4F2D1E70-D3BB-4569-8A2F-2195B3AEAAA7}
	EndGlobalSection
EndGlobal
